
Microsoft Visual Studio Solution File, Format Version 12.00
# Visual Studio Version 16
VisualStudioVersion = 16.0.31112.23
MinimumVisualStudioVersion = 10.0.40219.1
Project("{9A19103F-16F7-4668-BE54-9A1E7A4F7556}") = "HemnetCrawler.Data", "HemnetCrawler.Data\HemnetCrawler.Data.csproj", "{6002E44F-E8B6-466A-9B87-63F61B374B80}"
EndProject
Project("{9A19103F-16F7-4668-BE54-9A1E7A4F7556}") = "HemnetCrawler.ConsoleApp", "HemnetCrawler.ConsoleApp\HemnetCrawler.ConsoleApp.csproj", "{CF13F291-EC3F-4AAF-9983-BDF5F93EDC53}"
EndProject
Project("{9A19103F-16F7-4668-BE54-9A1E7A4F7556}") = "HemnetCrawler.Domain", "HemnetCrawler.Domain\HemnetCrawler.Domain.csproj", "{CD84FBAA-46C8-464E-90E1-9A1466497D0C}"
EndProject
Project("{FAE04EC0-301F-11D3-BF4B-00C04F79EFBC}") = "HemnetCrawler.WebApp", "HemnetCrawler.WebApp\HemnetCrawler.WebApp.csproj", "{A0252221-9C7D-4273-8079-DF7EA526AD75}"
EndProject
Global
	GlobalSection(SolutionConfigurationPlatforms) = preSolution
		Debug|Any CPU = Debug|Any CPU
		Release|Any CPU = Release|Any CPU
	EndGlobalSection
	GlobalSection(ProjectConfigurationPlatforms) = postSolution
		{6002E44F-E8B6-466A-9B87-63F61B374B80}.Debug|Any CPU.ActiveCfg = Debug|Any CPU
		{6002E44F-E8B6-466A-9B87-63F61B374B80}.Debug|Any CPU.Build.0 = Debug|Any CPU
		{6002E44F-E8B6-466A-9B87-63F61B374B80}.Release|Any CPU.ActiveCfg = Release|Any CPU
		{6002E44F-E8B6-466A-9B87-63F61B374B80}.Release|Any CPU.Build.0 = Release|Any CPU
		{CF13F291-EC3F-4AAF-9983-BDF5F93EDC53}.Debug|Any CPU.ActiveCfg = Debug|Any CPU
		{CF13F291-EC3F-4AAF-9983-BDF5F93EDC53}.Debug|Any CPU.Build.0 = Debug|Any CPU
		{CF13F291-EC3F-4AAF-9983-BDF5F93EDC53}.Release|Any CPU.ActiveCfg = Release|Any CPU
		{CF13F291-EC3F-4AAF-9983-BDF5F93EDC53}.Release|Any CPU.Build.0 = Release|Any CPU
		{CD84FBAA-46C8-464E-90E1-9A1466497D0C}.Debug|Any CPU.ActiveCfg = Debug|Any CPU
		{CD84FBAA-46C8-464E-90E1-9A1466497D0C}.Debug|Any CPU.Build.0 = Debug|Any CPU
		{CD84FBAA-46C8-464E-90E1-9A1466497D0C}.Release|Any CPU.ActiveCfg = Release|Any CPU
		{CD84FBAA-46C8-464E-90E1-9A1466497D0C}.Release|Any CPU.Build.0 = Release|Any CPU
		{A0252221-9C7D-4273-8079-DF7EA526AD75}.Debug|Any CPU.ActiveCfg = Debug|Any CPU
		{A0252221-9C7D-4273-8079-DF7EA526AD75}.Debug|Any CPU.Build.0 = Debug|Any CPU
		{A0252221-9C7D-4273-8079-DF7EA526AD75}.Release|Any CPU.ActiveCfg = Release|Any CPU
		{A0252221-9C7D-4273-8079-DF7EA526AD75}.Release|Any CPU.Build.0 = Release|Any CPU
	EndGlobalSection
	GlobalSection(SolutionProperties) = preSolution
		HideSolutionNode = FALSE
	EndGlobalSection
	GlobalSection(ExtensibilityGlobals) = postSolution
		SolutionGuid = {88CBCC7D-F571-4577-8A87-5E085ADE114F}
	EndGlobalSection
EndGlobal
